
Microsoft Visual Studio Solution File, Format Version 12.00
# Visual Studio Version 17
VisualStudioVersion = 17.4.33213.308
MinimumVisualStudioVersion = 10.0.40219.1
Project("{FAE04EC0-301F-11D3-BF4B-00C04F79EFBC}") = "Calculator", "Automatinis testavimas\Calculator.csproj", "{6319A675-BFEF-4995-9FC4-4F6D6177BDAC}"
EndProject
Project("{FAE04EC0-301F-11D3-BF4B-00C04F79EFBC}") = "CalculatorUnitTest", "CalculatorUnitTest\CalculatorUnitTest.csproj", "{EF92E430-5381-419B-BDBF-253E01AECAA7}"
EndProject
Project("{FAE04EC0-301F-11D3-BF4B-00C04F79EFBC}") = "SeleniumTestai", "SeleniumTestai\SeleniumTestai.csproj", "{47E4171F-4500-4D6E-B2F4-ED7B0D3B986A}"
EndProject
Global
	GlobalSection(SolutionConfigurationPlatforms) = preSolution
		Debug|Any CPU = Debug|Any CPU
		Release|Any CPU = Release|Any CPU
	EndGlobalSection
	GlobalSection(ProjectConfigurationPlatforms) = postSolution
		{6319A675-BFEF-4995-9FC4-4F6D6177BDAC}.Debug|Any CPU.ActiveCfg = Debug|Any CPU
		{6319A675-BFEF-4995-9FC4-4F6D6177BDAC}.Debug|Any CPU.Build.0 = Debug|Any CPU
		{6319A675-BFEF-4995-9FC4-4F6D6177BDAC}.Release|Any CPU.ActiveCfg = Release|Any CPU
		{6319A675-BFEF-4995-9FC4-4F6D6177BDAC}.Release|Any CPU.Build.0 = Release|Any CPU
		{EF92E430-5381-419B-BDBF-253E01AECAA7}.Debug|Any CPU.ActiveCfg = Debug|Any CPU
		{EF92E430-5381-419B-BDBF-253E01AECAA7}.Debug|Any CPU.Build.0 = Debug|Any CPU
		{EF92E430-5381-419B-BDBF-253E01AECAA7}.Release|Any CPU.ActiveCfg = Release|Any CPU
		{EF92E430-5381-419B-BDBF-253E01AECAA7}.Release|Any CPU.Build.0 = Release|Any CPU
		{47E4171F-4500-4D6E-B2F4-ED7B0D3B986A}.Debug|Any CPU.ActiveCfg = Debug|Any CPU
		{47E4171F-4500-4D6E-B2F4-ED7B0D3B986A}.Debug|Any CPU.Build.0 = Debug|Any CPU
		{47E4171F-4500-4D6E-B2F4-ED7B0D3B986A}.Release|Any CPU.ActiveCfg = Release|Any CPU
		{47E4171F-4500-4D6E-B2F4-ED7B0D3B986A}.Release|Any CPU.Build.0 = Release|Any CPU
	EndGlobalSection
	GlobalSection(SolutionProperties) = preSolution
		HideSolutionNode = FALSE
	EndGlobalSection
	GlobalSection(ExtensibilityGlobals) = postSolution
		SolutionGuid = {66A9C4EA-63DD-4D2E-BA01-CC452F6E296E}
	EndGlobalSection
EndGlobal
